
Microsoft Visual Studio Solution File, Format Version 12.00
Project("{FAE04EC0-301F-11D3-BF4B-00C04F79EFBC}") = "BatteryTracker", "BatteryTracker\BatteryTracker.csproj", "{FA1C0F05-CEE7-471A-A876-941D95A8605B}"
EndProject
Global
	GlobalSection(SolutionConfigurationPlatforms) = preSolution
		Debug|Any CPU = Debug|Any CPU
		Release|Any CPU = Release|Any CPU
	EndGlobalSection
	GlobalSection(ProjectConfigurationPlatforms) = postSolution
		{FA1C0F05-CEE7-471A-A876-941D95A8605B}.Debug|Any CPU.ActiveCfg = Debug|Any CPU
		{FA1C0F05-CEE7-471A-A876-941D95A8605B}.Debug|Any CPU.Build.0 = Debug|Any CPU
		{FA1C0F05-CEE7-471A-A876-941D95A8605B}.Release|Any CPU.ActiveCfg = Release|Any CPU
		{FA1C0F05-CEE7-471A-A876-941D95A8605B}.Release|Any CPU.Build.0 = Release|Any CPU
	EndGlobalSection
EndGlobal
